
Microsoft Visual Studio Solution File, Format Version 12.00
# Visual Studio 14
VisualStudioVersion = 14.0.24720.0
MinimumVisualStudioVersion = 10.0.40219.1
Project("{FAE04EC0-301F-11D3-BF4B-00C04F79EFBC}") = "FezHatBlink", "FezHatBlink\FezHatBlink.csproj", "{5E82E5EE-E7C9-4625-80E2-FDC0D093AA82}"
EndProject
Project("{FAE04EC0-301F-11D3-BF4B-00C04F79EFBC}") = "IoTSuiteMonitoringUWP", "IoTSuiteMonitoringUWP\IoTSuiteMonitoringUWP.csproj", "{B12BC832-6549-4487-95D2-B2ECE8F12C51}"
EndProject
Project("{FAE04EC0-301F-11D3-BF4B-00C04F79EFBC}") = "FezHatBlinkHeadless", "FezHatBlinkHeadless\FezHatBlinkHeadless.csproj", "{FE6D37D2-D3F5-4271-9813-7BB856980955}"
EndProject
Project("{FAE04EC0-301F-11D3-BF4B-00C04F79EFBC}") = "IoTSuiteMonitoringConsole", "IoTSuiteMonitoringConsole\IoTSuiteMonitoringConsole.csproj", "{653AC3CA-BCB8-47D2-B1F7-763380158C71}"
EndProject
Project("{D954291E-2A0B-460D-934E-DC6B0785DB48}") = "IoTSuiteMonitoringShared", "IoTSuiteMonitoringShared\IoTSuiteMonitoringShared.shproj", "{312C3DA4-4CC3-449D-9751-AD443EDDE9B4}"
EndProject
Project("{FAE04EC0-301F-11D3-BF4B-00C04F79EFBC}") = "IoTSuiteLib", "IoTSuiteLib\IoTSuiteLib.csproj", "{3E44A9E4-ED33-406C-9BB8-B0DA1C75FBE4}"
EndProject
Project("{D954291E-2A0B-460D-934E-DC6B0785DB48}") = "IoTSuiteMonitoringFezHatShared", "IoTSuiteMonitoringFezHatShared\IoTSuiteMonitoringFezHatShared.shproj", "{02C25315-2F5C-49C6-AA48-0F48CB3A9FDF}"
EndProject
Global
	GlobalSection(SharedMSBuildProjectFiles) = preSolution
		IoTSuiteMonitoringShared\IoTSuiteMonitoringShared.projitems*{312c3da4-4cc3-449d-9751-ad443edde9b4}*SharedItemsImports = 13
		IoTSuiteMonitoringFezHatShared\IoTSuiteMonitoringFezHatShared.projitems*{02c25315-2f5c-49c6-aa48-0f48cb3a9fdf}*SharedItemsImports = 13
		IoTSuiteMonitoringFezHatShared\IoTSuiteMonitoringFezHatShared.projitems*{b12bc832-6549-4487-95d2-b2ece8f12c51}*SharedItemsImports = 4
		IoTSuiteMonitoringShared\IoTSuiteMonitoringShared.projitems*{b12bc832-6549-4487-95d2-b2ece8f12c51}*SharedItemsImports = 4
	EndGlobalSection
	GlobalSection(SolutionConfigurationPlatforms) = preSolution
		Debug|Any CPU = Debug|Any CPU
		Debug|ARM = Debug|ARM
		Debug|x64 = Debug|x64
		Debug|x86 = Debug|x86
		Release|Any CPU = Release|Any CPU
		Release|ARM = Release|ARM
		Release|x64 = Release|x64
		Release|x86 = Release|x86
	EndGlobalSection
	GlobalSection(ProjectConfigurationPlatforms) = postSolution
		{5E82E5EE-E7C9-4625-80E2-FDC0D093AA82}.Debug|Any CPU.ActiveCfg = Debug|x86
		{5E82E5EE-E7C9-4625-80E2-FDC0D093AA82}.Debug|ARM.ActiveCfg = Debug|ARM
		{5E82E5EE-E7C9-4625-80E2-FDC0D093AA82}.Debug|ARM.Build.0 = Debug|ARM
		{5E82E5EE-E7C9-4625-80E2-FDC0D093AA82}.Debug|ARM.Deploy.0 = Debug|ARM
		{5E82E5EE-E7C9-4625-80E2-FDC0D093AA82}.Debug|x64.ActiveCfg = Debug|x64
		{5E82E5EE-E7C9-4625-80E2-FDC0D093AA82}.Debug|x64.Build.0 = Debug|x64
		{5E82E5EE-E7C9-4625-80E2-FDC0D093AA82}.Debug|x64.Deploy.0 = Debug|x64
		{5E82E5EE-E7C9-4625-80E2-FDC0D093AA82}.Debug|x86.ActiveCfg = Debug|x86
		{5E82E5EE-E7C9-4625-80E2-FDC0D093AA82}.Debug|x86.Build.0 = Debug|x86
		{5E82E5EE-E7C9-4625-80E2-FDC0D093AA82}.Debug|x86.Deploy.0 = Debug|x86
		{5E82E5EE-E7C9-4625-80E2-FDC0D093AA82}.Release|Any CPU.ActiveCfg = Release|x86
		{5E82E5EE-E7C9-4625-80E2-FDC0D093AA82}.Release|ARM.ActiveCfg = Release|ARM
		{5E82E5EE-E7C9-4625-80E2-FDC0D093AA82}.Release|ARM.Build.0 = Release|ARM
		{5E82E5EE-E7C9-4625-80E2-FDC0D093AA82}.Release|ARM.Deploy.0 = Release|ARM
		{5E82E5EE-E7C9-4625-80E2-FDC0D093AA82}.Release|x64.ActiveCfg = Release|x64
		{5E82E5EE-E7C9-4625-80E2-FDC0D093AA82}.Release|x64.Build.0 = Release|x64
		{5E82E5EE-E7C9-4625-80E2-FDC0D093AA82}.Release|x64.Deploy.0 = Release|x64
		{5E82E5EE-E7C9-4625-80E2-FDC0D093AA82}.Release|x86.ActiveCfg = Release|x86
		{5E82E5EE-E7C9-4625-80E2-FDC0D093AA82}.Release|x86.Build.0 = Release|x86
		{5E82E5EE-E7C9-4625-80E2-FDC0D093AA82}.Release|x86.Deploy.0 = Release|x86
		{B12BC832-6549-4487-95D2-B2ECE8F12C51}.Debug|Any CPU.ActiveCfg = Debug|x86
		{B12BC832-6549-4487-95D2-B2ECE8F12C51}.Debug|Any CPU.Build.0 = Debug|x86
		{B12BC832-6549-4487-95D2-B2ECE8F12C51}.Debug|Any CPU.Deploy.0 = Debug|x86
		{B12BC832-6549-4487-95D2-B2ECE8F12C51}.Debug|ARM.ActiveCfg = Debug|ARM
		{B12BC832-6549-4487-95D2-B2ECE8F12C51}.Debug|ARM.Build.0 = Debug|ARM
		{B12BC832-6549-4487-95D2-B2ECE8F12C51}.Debug|ARM.Deploy.0 = Debug|ARM
		{B12BC832-6549-4487-95D2-B2ECE8F12C51}.Debug|x64.ActiveCfg = Debug|x64
		{B12BC832-6549-4487-95D2-B2ECE8F12C51}.Debug|x64.Build.0 = Debug|x64
		{B12BC832-6549-4487-95D2-B2ECE8F12C51}.Debug|x64.Deploy.0 = Debug|x64
		{B12BC832-6549-4487-95D2-B2ECE8F12C51}.Debug|x86.ActiveCfg = Debug|x86
		{B12BC832-6549-4487-95D2-B2ECE8F12C51}.Debug|x86.Build.0 = Debug|x86
		{B12BC832-6549-4487-95D2-B2ECE8F12C51}.Debug|x86.Deploy.0 = Debug|x86
		{B12BC832-6549-4487-95D2-B2ECE8F12C51}.Release|Any CPU.ActiveCfg = Release|x86
		{B12BC832-6549-4487-95D2-B2ECE8F12C51}.Release|Any CPU.Deploy.0 = Release|x86
		{B12BC832-6549-4487-95D2-B2ECE8F12C51}.Release|ARM.ActiveCfg = Release|ARM
		{B12BC832-6549-4487-95D2-B2ECE8F12C51}.Release|ARM.Build.0 = Release|ARM
		{B12BC832-6549-4487-95D2-B2ECE8F12C51}.Release|ARM.Deploy.0 = Release|ARM
		{B12BC832-6549-4487-95D2-B2ECE8F12C51}.Release|x64.ActiveCfg = Release|x64
		{B12BC832-6549-4487-95D2-B2ECE8F12C51}.Release|x64.Build.0 = Release|x64
		{B12BC832-6549-4487-95D2-B2ECE8F12C51}.Release|x64.Deploy.0 = Release|x64
		{B12BC832-6549-4487-95D2-B2ECE8F12C51}.Release|x86.ActiveCfg = Release|x86
		{B12BC832-6549-4487-95D2-B2ECE8F12C51}.Release|x86.Build.0 = Release|x86
		{B12BC832-6549-4487-95D2-B2ECE8F12C51}.Release|x86.Deploy.0 = Release|x86
		{FE6D37D2-D3F5-4271-9813-7BB856980955}.Debug|Any CPU.ActiveCfg = Debug|x86
		{FE6D37D2-D3F5-4271-9813-7BB856980955}.Debug|ARM.ActiveCfg = Debug|ARM
		{FE6D37D2-D3F5-4271-9813-7BB856980955}.Debug|ARM.Build.0 = Debug|ARM
		{FE6D37D2-D3F5-4271-9813-7BB856980955}.Debug|ARM.Deploy.0 = Debug|ARM
		{FE6D37D2-D3F5-4271-9813-7BB856980955}.Debug|x64.ActiveCfg = Debug|x64
		{FE6D37D2-D3F5-4271-9813-7BB856980955}.Debug|x64.Build.0 = Debug|x64
		{FE6D37D2-D3F5-4271-9813-7BB856980955}.Debug|x64.Deploy.0 = Debug|x64
		{FE6D37D2-D3F5-4271-9813-7BB856980955}.Debug|x86.ActiveCfg = Debug|x86
		{FE6D37D2-D3F5-4271-9813-7BB856980955}.Debug|x86.Build.0 = Debug|x86
		{FE6D37D2-D3F5-4271-9813-7BB856980955}.Debug|x86.Deploy.0 = Debug|x86
		{FE6D37D2-D3F5-4271-9813-7BB856980955}.Release|Any CPU.ActiveCfg = Release|x86
		{FE6D37D2-D3F5-4271-9813-7BB856980955}.Release|ARM.ActiveCfg = Release|ARM
		{FE6D37D2-D3F5-4271-9813-7BB856980955}.Release|ARM.Build.0 = Release|ARM
		{FE6D37D2-D3F5-4271-9813-7BB856980955}.Release|ARM.Deploy.0 = Release|ARM
		{FE6D37D2-D3F5-4271-9813-7BB856980955}.Release|x64.ActiveCfg = Release|x64
		{FE6D37D2-D3F5-4271-9813-7BB856980955}.Release|x64.Build.0 = Release|x64
		{FE6D37D2-D3F5-4271-9813-7BB856980955}.Release|x64.Deploy.0 = Release|x64
		{FE6D37D2-D3F5-4271-9813-7BB856980955}.Release|x86.ActiveCfg = Release|x86
		{FE6D37D2-D3F5-4271-9813-7BB856980955}.Release|x86.Build.0 = Release|x86
		{FE6D37D2-D3F5-4271-9813-7BB856980955}.Release|x86.Deploy.0 = Release|x86
		{653AC3CA-BCB8-47D2-B1F7-763380158C71}.Debug|Any CPU.ActiveCfg = Debug|Any CPU
		{653AC3CA-BCB8-47D2-B1F7-763380158C71}.Debug|Any CPU.Build.0 = Debug|Any CPU
		{653AC3CA-BCB8-47D2-B1F7-763380158C71}.Debug|ARM.ActiveCfg = Debug|Any CPU
		{653AC3CA-BCB8-47D2-B1F7-763380158C71}.Debug|ARM.Build.0 = Debug|Any CPU
		{653AC3CA-BCB8-47D2-B1F7-763380158C71}.Debug|x64.ActiveCfg = Debug|Any CPU
		{653AC3CA-BCB8-47D2-B1F7-763380158C71}.Debug|x64.Build.0 = Debug|Any CPU
		{653AC3CA-BCB8-47D2-B1F7-763380158C71}.Debug|x86.ActiveCfg = Debug|Any CPU
		{653AC3CA-BCB8-47D2-B1F7-763380158C71}.Debug|x86.Build.0 = Debug|Any CPU
		{653AC3CA-BCB8-47D2-B1F7-763380158C71}.Release|Any CPU.ActiveCfg = Release|Any CPU
		{653AC3CA-BCB8-47D2-B1F7-763380158C71}.Release|Any CPU.Build.0 = Release|Any CPU
		{653AC3CA-BCB8-47D2-B1F7-763380158C71}.Release|ARM.ActiveCfg = Release|Any CPU
		{653AC3CA-BCB8-47D2-B1F7-763380158C71}.Release|ARM.Build.0 = Release|Any CPU
		{653AC3CA-BCB8-47D2-B1F7-763380158C71}.Release|x64.ActiveCfg = Release|Any CPU
		{653AC3CA-BCB8-47D2-B1F7-763380158C71}.Release|x64.Build.0 = Release|Any CPU
		{653AC3CA-BCB8-47D2-B1F7-763380158C71}.Release|x86.ActiveCfg = Release|Any CPU
		{653AC3CA-BCB8-47D2-B1F7-763380158C71}.Release|x86.Build.0 = Release|Any CPU
		{3E44A9E4-ED33-406C-9BB8-B0DA1C75FBE4}.Debug|Any CPU.ActiveCfg = Debug|Any CPU
		{3E44A9E4-ED33-406C-9BB8-B0DA1C75FBE4}.Debug|Any CPU.Build.0 = Debug|Any CPU
		{3E44A9E4-ED33-406C-9BB8-B0DA1C75FBE4}.Debug|ARM.ActiveCfg = Debug|Any CPU
		{3E44A9E4-ED33-406C-9BB8-B0DA1C75FBE4}.Debug|ARM.Build.0 = Debug|Any CPU
		{3E44A9E4-ED33-406C-9BB8-B0DA1C75FBE4}.Debug|x64.ActiveCfg = Debug|Any CPU
		{3E44A9E4-ED33-406C-9BB8-B0DA1C75FBE4}.Debug|x64.Build.0 = Debug|Any CPU
		{3E44A9E4-ED33-406C-9BB8-B0DA1C75FBE4}.Debug|x86.ActiveCfg = Debug|Any CPU
		{3E44A9E4-ED33-406C-9BB8-B0DA1C75FBE4}.Debug|x86.Build.0 = Debug|Any CPU
		{3E44A9E4-ED33-406C-9BB8-B0DA1C75FBE4}.Release|Any CPU.ActiveCfg = Release|Any CPU
		{3E44A9E4-ED33-406C-9BB8-B0DA1C75FBE4}.Release|Any CPU.Build.0 = Release|Any CPU
		{3E44A9E4-ED33-406C-9BB8-B0DA1C75FBE4}.Release|ARM.ActiveCfg = Release|Any CPU
		{3E44A9E4-ED33-406C-9BB8-B0DA1C75FBE4}.Release|ARM.Build.0 = Release|Any CPU
		{3E44A9E4-ED33-406C-9BB8-B0DA1C75FBE4}.Release|x64.ActiveCfg = Release|Any CPU
		{3E44A9E4-ED33-406C-9BB8-B0DA1C75FBE4}.Release|x64.Build.0 = Release|Any CPU
		{3E44A9E4-ED33-406C-9BB8-B0DA1C75FBE4}.Release|x86.ActiveCfg = Release|Any CPU
		{3E44A9E4-ED33-406C-9BB8-B0DA1C75FBE4}.Release|x86.Build.0 = Release|Any CPU
	EndGlobalSection
	GlobalSection(SolutionProperties) = preSolution
		HideSolutionNode = FALSE
	EndGlobalSection
EndGlobal
